// !$*UTF8*$!
{
	archiveVersion = 1;
	classes = {
	};
	objectVersion = 46;
	objects = {

/* Begin PBXBuildFile section */
		1619D6551EE95FB1F0130C97 /* libPods.a in Frameworks */ = {isa = PBXBuildFile; fileRef = F311C516D31A516CECDB293D /* libPods.a */; };
		506958D21C6FC222005B4459 /* Timer.swift in Sources */ = {isa = PBXBuildFile; fileRef = 506958D11C6FC222005B4459 /* Timer.swift */; };
		50A0DEBC1C66664400BA4330 /* Connection.swift in Sources */ = {isa = PBXBuildFile; fileRef = 50A0DEBB1C66664400BA4330 /* Connection.swift */; };
		50A0DEBE1C66685400BA4330 /* Path.swift in Sources */ = {isa = PBXBuildFile; fileRef = 50A0DEBD1C66685400BA4330 /* Path.swift */; };
		50A0DEC01C66695400BA4330 /* Trip.swift in Sources */ = {isa = PBXBuildFile; fileRef = 50A0DEBF1C66695400BA4330 /* Trip.swift */; };
		50A0DEC21C66698400BA4330 /* Point.swift in Sources */ = {isa = PBXBuildFile; fileRef = 50A0DEC11C66698400BA4330 /* Point.swift */; };
		50A0DEC41C66748300BA4330 /* FileSaveStaticData.swift in Sources */ = {isa = PBXBuildFile; fileRef = 50A0DEC31C66748300BA4330 /* FileSaveStaticData.swift */; };
		50C136411C541555000F93FA /* AppDelegate.swift in Sources */ = {isa = PBXBuildFile; fileRef = 50C136401C541555000F93FA /* AppDelegate.swift */; };
		50C136431C541555000F93FA /* MapController.swift in Sources */ = {isa = PBXBuildFile; fileRef = 50C136421C541555000F93FA /* MapController.swift */; };
		50C136461C541555000F93FA /* Main.storyboard in Resources */ = {isa = PBXBuildFile; fileRef = 50C136441C541555000F93FA /* Main.storyboard */; };
		50C136481C541555000F93FA /* Assets.xcassets in Resources */ = {isa = PBXBuildFile; fileRef = 50C136471C541555000F93FA /* Assets.xcassets */; };
		50C136561C541555000F93FA /* MapsTutorialTests.swift in Sources */ = {isa = PBXBuildFile; fileRef = 50C136551C541555000F93FA /* MapsTutorialTests.swift */; };
		8D9CAE061C9DB87400D59838 /* NameTripController.swift in Sources */ = {isa = PBXBuildFile; fileRef = 8D9CAE051C9DB87400D59838 /* NameTripController.swift */; };
		8D9CAE081C9DCF1F00D59838 /* Taylor.swift in Sources */ = {isa = PBXBuildFile; fileRef = 8D9CAE071C9DCF1F00D59838 /* Taylor.swift */; };
		8DA0C4C21C8A274100AA56DB /* StartPage.swift in Sources */ = {isa = PBXBuildFile; fileRef = 8DA0C4C11C8A274100AA56DB /* StartPage.swift */; };
		FC2D5EEC1C8B6C6400D441D3 /* Default-568h@2x.png in Resources */ = {isa = PBXBuildFile; fileRef = FC2D5EEB1C8B6C6400D441D3 /* Default-568h@2x.png */; };
		FCDF44081C90FB11009C6590 /* Icon-60@2x-1.png in Resources */ = {isa = PBXBuildFile; fileRef = FCDF44031C90FB11009C6590 /* Icon-60@2x-1.png */; };
		FCDF44091C90FB11009C6590 /* Icon-60@2x-3.png in Resources */ = {isa = PBXBuildFile; fileRef = FCDF44041C90FB11009C6590 /* Icon-60@2x-3.png */; };
		FCDF440A1C90FB11009C6590 /* Icon-60@2x-4.png in Resources */ = {isa = PBXBuildFile; fileRef = FCDF44051C90FB11009C6590 /* Icon-60@2x-4.png */; };
		FCDF440B1C90FB11009C6590 /* Icon-60@2x-5.png in Resources */ = {isa = PBXBuildFile; fileRef = FCDF44061C90FB11009C6590 /* Icon-60@2x-5.png */; };
		FCDF440C1C90FB11009C6590 /* Icon-60@2x.png in Resources */ = {isa = PBXBuildFile; fileRef = FCDF44071C90FB11009C6590 /* Icon-60@2x.png */; };
		FCDF44101C90FB1C009C6590 /* Default-568h@2x.png in Resources */ = {isa = PBXBuildFile; fileRef = FCDF440D1C90FB1C009C6590 /* Default-568h@2x.png */; };
		FCDF44111C90FB1C009C6590 /* Default-iPhone6.png in Resources */ = {isa = PBXBuildFile; fileRef = FCDF440E1C90FB1C009C6590 /* Default-iPhone6.png */; };
		FCDF44121C90FB1C009C6590 /* Default-iPhone6Plus.png in Resources */ = {isa = PBXBuildFile; fileRef = FCDF440F1C90FB1C009C6590 /* Default-iPhone6Plus.png */; };
/* End PBXBuildFile section */

/* Begin PBXContainerItemProxy section */
		50C136521C541555000F93FA /* PBXContainerItemProxy */ = {
			isa = PBXContainerItemProxy;
			containerPortal = 50C136351C541555000F93FA /* Project object */;
			proxyType = 1;
			remoteGlobalIDString = 50C1363C1C541555000F93FA;
			remoteInfo = MapsTutorial;
		};
/* End PBXContainerItemProxy section */

/* Begin PBXFileReference section */
		184AF157DE9434BA20AF36BD /* Pods.debug.xcconfig */ = {isa = PBXFileReference; includeInIndex = 1; lastKnownFileType = text.xcconfig; name = Pods.debug.xcconfig; path = "Pods/Target Support Files/Pods/Pods.debug.xcconfig"; sourceTree = "<group>"; };
		429645D8925D2BE174CC2DA1 /* Pods.release.xcconfig */ = {isa = PBXFileReference; includeInIndex = 1; lastKnownFileType = text.xcconfig; name = Pods.release.xcconfig; path = "Pods/Target Support Files/Pods/Pods.release.xcconfig"; sourceTree = "<group>"; };
		506958D11C6FC222005B4459 /* Timer.swift */ = {isa = PBXFileReference; fileEncoding = 4; lastKnownFileType = sourcecode.swift; path = Timer.swift; sourceTree = "<group>"; };
		50A0DEBB1C66664400BA4330 /* Connection.swift */ = {isa = PBXFileReference; fileEncoding = 4; lastKnownFileType = sourcecode.swift; path = Connection.swift; sourceTree = "<group>"; };
		50A0DEBD1C66685400BA4330 /* Path.swift */ = {isa = PBXFileReference; fileEncoding = 4; lastKnownFileType = sourcecode.swift; path = Path.swift; sourceTree = "<group>"; };
		50A0DEBF1C66695400BA4330 /* Trip.swift */ = {isa = PBXFileReference; fileEncoding = 4; lastKnownFileType = sourcecode.swift; path = Trip.swift; sourceTree = "<group>"; };
		50A0DEC11C66698400BA4330 /* Point.swift */ = {isa = PBXFileReference; fileEncoding = 4; lastKnownFileType = sourcecode.swift; path = Point.swift; sourceTree = "<group>"; };
		50A0DEC31C66748300BA4330 /* FileSaveStaticData.swift */ = {isa = PBXFileReference; fileEncoding = 4; lastKnownFileType = sourcecode.swift; path = FileSaveStaticData.swift; sourceTree = "<group>"; };
		50C1363D1C541555000F93FA /* MapsTutorial.app */ = {isa = PBXFileReference; explicitFileType = wrapper.application; includeInIndex = 0; path = MapsTutorial.app; sourceTree = BUILT_PRODUCTS_DIR; };
		50C136401C541555000F93FA /* AppDelegate.swift */ = {isa = PBXFileReference; lastKnownFileType = sourcecode.swift; path = AppDelegate.swift; sourceTree = "<group>"; };
		50C136421C541555000F93FA /* MapController.swift */ = {isa = PBXFileReference; lastKnownFileType = sourcecode.swift; path = MapController.swift; sourceTree = "<group>"; };
		50C136451C541555000F93FA /* Base */ = {isa = PBXFileReference; lastKnownFileType = file.storyboard; name = Base; path = Base.lproj/Main.storyboard; sourceTree = "<group>"; };
		50C136471C541555000F93FA /* Assets.xcassets */ = {isa = PBXFileReference; lastKnownFileType = folder.assetcatalog; path = Assets.xcassets; sourceTree = "<group>"; };
		50C1364C1C541555000F93FA /* Info.plist */ = {isa = PBXFileReference; lastKnownFileType = text.plist.xml; path = Info.plist; sourceTree = "<group>"; };
		50C136511C541555000F93FA /* MapsTutorialTests.xctest */ = {isa = PBXFileReference; explicitFileType = wrapper.cfbundle; includeInIndex = 0; path = MapsTutorialTests.xctest; sourceTree = BUILT_PRODUCTS_DIR; };
		50C136551C541555000F93FA /* MapsTutorialTests.swift */ = {isa = PBXFileReference; lastKnownFileType = sourcecode.swift; path = MapsTutorialTests.swift; sourceTree = "<group>"; };
		50C136571C541555000F93FA /* Info.plist */ = {isa = PBXFileReference; lastKnownFileType = text.plist.xml; path = Info.plist; sourceTree = "<group>"; };
		8D9CAE051C9DB87400D59838 /* NameTripController.swift */ = {isa = PBXFileReference; fileEncoding = 4; lastKnownFileType = sourcecode.swift; path = NameTripController.swift; sourceTree = "<group>"; };
		8D9CAE071C9DCF1F00D59838 /* Taylor.swift */ = {isa = PBXFileReference; fileEncoding = 4; lastKnownFileType = sourcecode.swift; path = Taylor.swift; sourceTree = "<group>"; };
		8DA0C4C11C8A274100AA56DB /* StartPage.swift */ = {isa = PBXFileReference; fileEncoding = 4; lastKnownFileType = sourcecode.swift; path = StartPage.swift; sourceTree = "<group>"; };
		F311C516D31A516CECDB293D /* libPods.a */ = {isa = PBXFileReference; explicitFileType = archive.ar; includeInIndex = 0; path = libPods.a; sourceTree = BUILT_PRODUCTS_DIR; };
		FC2D5EEB1C8B6C6400D441D3 /* Default-568h@2x.png */ = {isa = PBXFileReference; lastKnownFileType = image.png; path = "Default-568h@2x.png"; sourceTree = "<group>"; };
		FCDF44031C90FB11009C6590 /* Icon-60@2x-1.png */ = {isa = PBXFileReference; lastKnownFileType = image.png; name = "Icon-60@2x-1.png"; path = "icons/Icon-60@2x-1.png"; sourceTree = "<group>"; };
		FCDF44041C90FB11009C6590 /* Icon-60@2x-3.png */ = {isa = PBXFileReference; lastKnownFileType = image.png; name = "Icon-60@2x-3.png"; path = "icons/Icon-60@2x-3.png"; sourceTree = "<group>"; };
		FCDF44051C90FB11009C6590 /* Icon-60@2x-4.png */ = {isa = PBXFileReference; lastKnownFileType = image.png; name = "Icon-60@2x-4.png"; path = "icons/Icon-60@2x-4.png"; sourceTree = "<group>"; };
		FCDF44061C90FB11009C6590 /* Icon-60@2x-5.png */ = {isa = PBXFileReference; lastKnownFileType = image.png; name = "Icon-60@2x-5.png"; path = "icons/Icon-60@2x-5.png"; sourceTree = "<group>"; };
		FCDF44071C90FB11009C6590 /* Icon-60@2x.png */ = {isa = PBXFileReference; lastKnownFileType = image.png; name = "Icon-60@2x.png"; path = "icons/Icon-60@2x.png"; sourceTree = "<group>"; };
		FCDF440D1C90FB1C009C6590 /* Default-568h@2x.png */ = {isa = PBXFileReference; lastKnownFileType = image.png; name = "Default-568h@2x.png"; path = "images/Default-568h@2x.png"; sourceTree = "<group>"; };
		FCDF440E1C90FB1C009C6590 /* Default-iPhone6.png */ = {isa = PBXFileReference; lastKnownFileType = image.png; name = "Default-iPhone6.png"; path = "images/Default-iPhone6.png"; sourceTree = "<group>"; };
		FCDF440F1C90FB1C009C6590 /* Default-iPhone6Plus.png */ = {isa = PBXFileReference; lastKnownFileType = image.png; name = "Default-iPhone6Plus.png"; path = "images/Default-iPhone6Plus.png"; sourceTree = "<group>"; };
/* End PBXFileReference section */

/* Begin PBXFrameworksBuildPhase section */
		50C1363A1C541555000F93FA /* Frameworks */ = {
			isa = PBXFrameworksBuildPhase;
			buildActionMask = 2147483647;
			files = (
				1619D6551EE95FB1F0130C97 /* libPods.a in Frameworks */,
			);
			runOnlyForDeploymentPostprocessing = 0;
		};
		50C1364E1C541555000F93FA /* Frameworks */ = {
			isa = PBXFrameworksBuildPhase;
			buildActionMask = 2147483647;
			files = (
			);
			runOnlyForDeploymentPostprocessing = 0;
		};
/* End PBXFrameworksBuildPhase section */

/* Begin PBXGroup section */
		28AC47BEC2FC5D44722E994A /* Frameworks */ = {
			isa = PBXGroup;
			children = (
				F311C516D31A516CECDB293D /* libPods.a */,
			);
			name = Frameworks;
			sourceTree = "<group>";
		};
		50C136341C541555000F93FA = {
			isa = PBXGroup;
			children = (
				FC2D5EEB1C8B6C6400D441D3 /* Default-568h@2x.png */,
				FC2D5EE61C8B69AF00D441D3 /* icons */,
				FC2D5EE51C8B67F600D441D3 /* images */,
				50C1363F1C541555000F93FA /* MapsTutorial */,
				50C136541C541555000F93FA /* MapsTutorialTests */,
				50C1363E1C541555000F93FA /* Products */,
				5C761657EF19ED7C67D01B1D /* Pods */,
				28AC47BEC2FC5D44722E994A /* Frameworks */,
			);
			sourceTree = "<group>";
		};
		50C1363E1C541555000F93FA /* Products */ = {
			isa = PBXGroup;
			children = (
				50C1363D1C541555000F93FA /* MapsTutorial.app */,
				50C136511C541555000F93FA /* MapsTutorialTests.xctest */,
			);
			name = Products;
			sourceTree = "<group>";
		};
		50C1363F1C541555000F93FA /* MapsTutorial */ = {
			isa = PBXGroup;
			children = (
				50C136401C541555000F93FA /* AppDelegate.swift */,
				50C136421C541555000F93FA /* MapController.swift */,
				8DA0C4C11C8A274100AA56DB /* StartPage.swift */,
				8D9CAE051C9DB87400D59838 /* NameTripController.swift */,
				506958D11C6FC222005B4459 /* Timer.swift */,
				50A0DEBB1C66664400BA4330 /* Connection.swift */,
				50A0DEBD1C66685400BA4330 /* Path.swift */,
				50A0DEBF1C66695400BA4330 /* Trip.swift */,
				50A0DEC11C66698400BA4330 /* Point.swift */,
				50A0DEC31C66748300BA4330 /* FileSaveStaticData.swift */,
				50C136441C541555000F93FA /* Main.storyboard */,
				8D9CAE071C9DCF1F00D59838 /* Taylor.swift */,
				50C136471C541555000F93FA /* Assets.xcassets */,
				50C1364C1C541555000F93FA /* Info.plist */,
			);
			path = MapsTutorial;
			sourceTree = "<group>";
		};
		50C136541C541555000F93FA /* MapsTutorialTests */ = {
			isa = PBXGroup;
			children = (
				50C136551C541555000F93FA /* MapsTutorialTests.swift */,
				50C136571C541555000F93FA /* Info.plist */,
			);
			path = MapsTutorialTests;
			sourceTree = "<group>";
		};
		5C761657EF19ED7C67D01B1D /* Pods */ = {
			isa = PBXGroup;
			children = (
				184AF157DE9434BA20AF36BD /* Pods.debug.xcconfig */,
				429645D8925D2BE174CC2DA1 /* Pods.release.xcconfig */,
			);
			name = Pods;
			sourceTree = "<group>";
		};
		FC2D5EE51C8B67F600D441D3 /* images */ = {
			isa = PBXGroup;
			children = (
				FCDF440D1C90FB1C009C6590 /* Default-568h@2x.png */,
				FCDF440E1C90FB1C009C6590 /* Default-iPhone6.png */,
				FCDF440F1C90FB1C009C6590 /* Default-iPhone6Plus.png */,
			);
			name = images;
			sourceTree = "<group>";
		};
		FC2D5EE61C8B69AF00D441D3 /* icons */ = {
			isa = PBXGroup;
			children = (
				FCDF44031C90FB11009C6590 /* Icon-60@2x-1.png */,
				FCDF44041C90FB11009C6590 /* Icon-60@2x-3.png */,
				FCDF44051C90FB11009C6590 /* Icon-60@2x-4.png */,
				FCDF44061C90FB11009C6590 /* Icon-60@2x-5.png */,
				FCDF44071C90FB11009C6590 /* Icon-60@2x.png */,
			);
			name = icons;
			sourceTree = "<group>";
		};
/* End PBXGroup section */

/* Begin PBXNativeTarget section */
		50C1363C1C541555000F93FA /* MapsTutorial */ = {
			isa = PBXNativeTarget;
			buildConfigurationList = 50C1365A1C541555000F93FA /* Build configuration list for PBXNativeTarget "MapsTutorial" */;
			buildPhases = (
				FC6BAA23091F79F6B6DA2A31 /* Check Pods Manifest.lock */,
				50C136391C541555000F93FA /* Sources */,
				50C1363A1C541555000F93FA /* Frameworks */,
				50C1363B1C541555000F93FA /* Resources */,
				6C5E90BD0C4BF668407B3F01 /* Embed Pods Frameworks */,
				599B64E83144AE53E6024BFD /* Copy Pods Resources */,
			);
			buildRules = (
			);
			dependencies = (
			);
			name = MapsTutorial;
			productName = MapsTutorial;
			productReference = 50C1363D1C541555000F93FA /* MapsTutorial.app */;
			productType = "com.apple.product-type.application";
		};
		50C136501C541555000F93FA /* MapsTutorialTests */ = {
			isa = PBXNativeTarget;
			buildConfigurationList = 50C1365D1C541555000F93FA /* Build configuration list for PBXNativeTarget "MapsTutorialTests" */;
			buildPhases = (
				50C1364D1C541555000F93FA /* Sources */,
				50C1364E1C541555000F93FA /* Frameworks */,
				50C1364F1C541555000F93FA /* Resources */,
			);
			buildRules = (
			);
			dependencies = (
				50C136531C541555000F93FA /* PBXTargetDependency */,
			);
			name = MapsTutorialTests;
			productName = MapsTutorialTests;
			productReference = 50C136511C541555000F93FA /* MapsTutorialTests.xctest */;
			productType = "com.apple.product-type.bundle.unit-test";
		};
/* End PBXNativeTarget section */

/* Begin PBXProject section */
		50C136351C541555000F93FA /* Project object */ = {
			isa = PBXProject;
			attributes = {
				LastSwiftUpdateCheck = 0720;
				LastUpgradeCheck = 0720;
				ORGANIZATIONNAME = JanPaul;
				TargetAttributes = {
					50C1363C1C541555000F93FA = {
						CreatedOnToolsVersion = 7.2;
						DevelopmentTeam = MKQ64U99G6;
					};
					50C136501C541555000F93FA = {
						CreatedOnToolsVersion = 7.2;
						TestTargetID = 50C1363C1C541555000F93FA;
					};
				};
			};
			buildConfigurationList = 50C136381C541555000F93FA /* Build configuration list for PBXProject "MapsTutorial" */;
			compatibilityVersion = "Xcode 3.2";
			developmentRegion = English;
			hasScannedForEncodings = 0;
			knownRegions = (
				en,
				Base,
			);
			mainGroup = 50C136341C541555000F93FA;
			productRefGroup = 50C1363E1C541555000F93FA /* Products */;
			projectDirPath = "";
			projectRoot = "";
			targets = (
				50C1363C1C541555000F93FA /* MapsTutorial */,
				50C136501C541555000F93FA /* MapsTutorialTests */,
			);
		};
/* End PBXProject section */

/* Begin PBXResourcesBuildPhase section */
		50C1363B1C541555000F93FA /* Resources */ = {
			isa = PBXResourcesBuildPhase;
			buildActionMask = 2147483647;
			files = (
				50C136481C541555000F93FA /* Assets.xcassets in Resources */,
				50C136461C541555000F93FA /* Main.storyboard in Resources */,
				FCDF44101C90FB1C009C6590 /* Default-568h@2x.png in Resources */,
				FCDF44111C90FB1C009C6590 /* Default-iPhone6.png in Resources */,
				FCDF44121C90FB1C009C6590 /* Default-iPhone6Plus.png in Resources */,
				FC2D5EEC1C8B6C6400D441D3 /* Default-568h@2x.png in Resources */,
				FCDF440B1C90FB11009C6590 /* Icon-60@2x-5.png in Resources */,
				FCDF44081C90FB11009C6590 /* Icon-60@2x-1.png in Resources */,
				FCDF440A1C90FB11009C6590 /* Icon-60@2x-4.png in Resources */,
				FCDF44091C90FB11009C6590 /* Icon-60@2x-3.png in Resources */,
				FCDF440C1C90FB11009C6590 /* Icon-60@2x.png in Resources */,
			);
			runOnlyForDeploymentPostprocessing = 0;
		};
		50C1364F1C541555000F93FA /* Resources */ = {
			isa = PBXResourcesBuildPhase;
			buildActionMask = 2147483647;
			files = (
			);
			runOnlyForDeploymentPostprocessing = 0;
		};
/* End PBXResourcesBuildPhase section */

/* Begin PBXShellScriptBuildPhase section */
		599B64E83144AE53E6024BFD /* Copy Pods Resources */ = {
			isa = PBXShellScriptBuildPhase;
			buildActionMask = 2147483647;
			files = (
			);
			inputPaths = (
			);
			name = "Copy Pods Resources";
			outputPaths = (
			);
			runOnlyForDeploymentPostprocessing = 0;
			shellPath = /bin/sh;
			shellScript = "\"${SRCROOT}/Pods/Target Support Files/Pods/Pods-resources.sh\"\n";
			showEnvVarsInLog = 0;
		};
		6C5E90BD0C4BF668407B3F01 /* Embed Pods Frameworks */ = {
			isa = PBXShellScriptBuildPhase;
			buildActionMask = 2147483647;
			files = (
			);
			inputPaths = (
			);
			name = "Embed Pods Frameworks";
			outputPaths = (
			);
			runOnlyForDeploymentPostprocessing = 0;
			shellPath = /bin/sh;
			shellScript = "\"${SRCROOT}/Pods/Target Support Files/Pods/Pods-frameworks.sh\"\n";
			showEnvVarsInLog = 0;
		};
		FC6BAA23091F79F6B6DA2A31 /* Check Pods Manifest.lock */ = {
			isa = PBXShellScriptBuildPhase;
			buildActionMask = 2147483647;
			files = (
			);
			inputPaths = (
			);
			name = "Check Pods Manifest.lock";
			outputPaths = (
			);
			runOnlyForDeploymentPostprocessing = 0;
			shellPath = /bin/sh;
			shellScript = "diff \"${PODS_ROOT}/../Podfile.lock\" \"${PODS_ROOT}/Manifest.lock\" > /dev/null\nif [[ $? != 0 ]] ; then\n    cat << EOM\nerror: The sandbox is not in sync with the Podfile.lock. Run 'pod install' or update your CocoaPods installation.\nEOM\n    exit 1\nfi\n";
			showEnvVarsInLog = 0;
		};
/* End PBXShellScriptBuildPhase section */

/* Begin PBXSourcesBuildPhase section */
		50C136391C541555000F93FA /* Sources */ = {
			isa = PBXSourcesBuildPhase;
			buildActionMask = 2147483647;
			files = (
				50A0DEC01C66695400BA4330 /* Trip.swift in Sources */,
				8D9CAE061C9DB87400D59838 /* NameTripController.swift in Sources */,
				50C136431C541555000F93FA /* MapController.swift in Sources */,
				50A0DEC21C66698400BA4330 /* Point.swift in Sources */,
				50A0DEBC1C66664400BA4330 /* Connection.swift in Sources */,
				50A0DEC41C66748300BA4330 /* FileSaveStaticData.swift in Sources */,
				50A0DEBE1C66685400BA4330 /* Path.swift in Sources */,
				50C136411C541555000F93FA /* AppDelegate.swift in Sources */,
				8DA0C4C21C8A274100AA56DB /* StartPage.swift in Sources */,
				506958D21C6FC222005B4459 /* Timer.swift in Sources */,
				8D9CAE081C9DCF1F00D59838 /* Taylor.swift in Sources */,
			);
			runOnlyForDeploymentPostprocessing = 0;
		};
		50C1364D1C541555000F93FA /* Sources */ = {
			isa = PBXSourcesBuildPhase;
			buildActionMask = 2147483647;
			files = (
				50C136561C541555000F93FA /* MapsTutorialTests.swift in Sources */,
			);
			runOnlyForDeploymentPostprocessing = 0;
		};
/* End PBXSourcesBuildPhase section */

/* Begin PBXTargetDependency section */
		50C136531C541555000F93FA /* PBXTargetDependency */ = {
			isa = PBXTargetDependency;
			target = 50C1363C1C541555000F93FA /* MapsTutorial */;
			targetProxy = 50C136521C541555000F93FA /* PBXContainerItemProxy */;
		};
/* End PBXTargetDependency section */

/* Begin PBXVariantGroup section */
		50C136441C541555000F93FA /* Main.storyboard */ = {
			isa = PBXVariantGroup;
			children = (
				50C136451C541555000F93FA /* Base */,
			);
			name = Main.storyboard;
			sourceTree = "<group>";
		};
/* End PBXVariantGroup section */

/* Begin XCBuildConfiguration section */
		50C136581C541555000F93FA /* Debug */ = {
			isa = XCBuildConfiguration;
			buildSettings = {
				ALWAYS_SEARCH_USER_PATHS = NO;
				CLANG_CXX_LANGUAGE_STANDARD = "gnu++0x";
				CLANG_CXX_LIBRARY = "libc++";
				CLANG_ENABLE_MODULES = YES;
				CLANG_ENABLE_OBJC_ARC = YES;
				CLANG_WARN_BOOL_CONVERSION = YES;
				CLANG_WARN_CONSTANT_CONVERSION = YES;
				CLANG_WARN_DIRECT_OBJC_ISA_USAGE = YES_ERROR;
				CLANG_WARN_EMPTY_BODY = YES;
				CLANG_WARN_ENUM_CONVERSION = YES;
				CLANG_WARN_INT_CONVERSION = YES;
				CLANG_WARN_OBJC_ROOT_CLASS = YES_ERROR;
				CLANG_WARN_UNREACHABLE_CODE = YES;
				CLANG_WARN__DUPLICATE_METHOD_MATCH = YES;
				"CODE_SIGN_IDENTITY[sdk=iphoneos*]" = "iPhone Developer";
				COPY_PHASE_STRIP = NO;
				DEBUG_INFORMATION_FORMAT = dwarf;
				ENABLE_STRICT_OBJC_MSGSEND = YES;
				ENABLE_TESTABILITY = YES;
				GCC_C_LANGUAGE_STANDARD = gnu99;
				GCC_DYNAMIC_NO_PIC = NO;
				GCC_NO_COMMON_BLOCKS = YES;
				GCC_OPTIMIZATION_LEVEL = 0;
				GCC_PREPROCESSOR_DEFINITIONS = (
					"DEBUG=1",
					"$(inherited)",
				);
				GCC_WARN_64_TO_32_BIT_CONVERSION = YES;
				GCC_WARN_ABOUT_RETURN_TYPE = YES_ERROR;
				GCC_WARN_UNDECLARED_SELECTOR = YES;
				GCC_WARN_UNINITIALIZED_AUTOS = YES_AGGRESSIVE;
				GCC_WARN_UNUSED_FUNCTION = YES;
				GCC_WARN_UNUSED_VARIABLE = YES;
				IPHONEOS_DEPLOYMENT_TARGET = 9.2;
				MTL_ENABLE_DEBUG_INFO = YES;
				ONLY_ACTIVE_ARCH = YES;
				SDKROOT = iphoneos;
				SWIFT_OPTIMIZATION_LEVEL = "-Onone";
			};
			name = Debug;
		};
		50C136591C541555000F93FA /* Release */ = {
			isa = XCBuildConfiguration;
			buildSettings = {
				ALWAYS_SEARCH_USER_PATHS = NO;
				CLANG_CXX_LANGUAGE_STANDARD = "gnu++0x";
				CLANG_CXX_LIBRARY = "libc++";
				CLANG_ENABLE_MODULES = YES;
				CLANG_ENABLE_OBJC_ARC = YES;
				CLANG_WARN_BOOL_CONVERSION = YES;
				CLANG_WARN_CONSTANT_CONVERSION = YES;
				CLANG_WARN_DIRECT_OBJC_ISA_USAGE = YES_ERROR;
				CLANG_WARN_EMPTY_BODY = YES;
				CLANG_WARN_ENUM_CONVERSION = YES;
				CLANG_WARN_INT_CONVERSION = YES;
				CLANG_WARN_OBJC_ROOT_CLASS = YES_ERROR;
				CLANG_WARN_UNREACHABLE_CODE = YES;
				CLANG_WARN__DUPLICATE_METHOD_MATCH = YES;
				"CODE_SIGN_IDENTITY[sdk=iphoneos*]" = "iPhone Developer";
				COPY_PHASE_STRIP = NO;
				DEBUG_INFORMATION_FORMAT = "dwarf-with-dsym";
				ENABLE_NS_ASSERTIONS = NO;
				ENABLE_STRICT_OBJC_MSGSEND = YES;
				GCC_C_LANGUAGE_STANDARD = gnu99;
				GCC_NO_COMMON_BLOCKS = YES;
				GCC_WARN_64_TO_32_BIT_CONVERSION = YES;
				GCC_WARN_ABOUT_RETURN_TYPE = YES_ERROR;
				GCC_WARN_UNDECLARED_SELECTOR = YES;
				GCC_WARN_UNINITIALIZED_AUTOS = YES_AGGRESSIVE;
				GCC_WARN_UNUSED_FUNCTION = YES;
				GCC_WARN_UNUSED_VARIABLE = YES;
				IPHONEOS_DEPLOYMENT_TARGET = 9.2;
				MTL_ENABLE_DEBUG_INFO = NO;
				SDKROOT = iphoneos;
				VALIDATE_PRODUCT = YES;
			};
			name = Release;
		};
		50C1365B1C541555000F93FA /* Debug */ = {
			isa = XCBuildConfiguration;
			baseConfigurationReference = 184AF157DE9434BA20AF36BD /* Pods.debug.xcconfig */;
			buildSettings = {
				ASSETCATALOG_COMPILER_APPICON_NAME = AppIcon;
				ASSETCATALOG_COMPILER_LAUNCHIMAGE_NAME = LaunchImage;
				CODE_SIGN_IDENTITY = "iPhone Developer";
				"CODE_SIGN_IDENTITY[sdk=iphoneos*]" = "iPhone Developer";
				INFOPLIST_FILE = MapsTutorial/Info.plist;
				IPHONEOS_DEPLOYMENT_TARGET = 9.2;
				LD_RUNPATH_SEARCH_PATHS = "$(inherited) @executable_path/Frameworks";
				PRODUCT_BUNDLE_IDENTIFIER = "ghostapp-dev.MapsTutorial";
				PRODUCT_NAME = "$(TARGET_NAME)";
				PROVISIONING_PROFILE = "";
			};
			name = Debug;
		};
		50C1365C1C541555000F93FA /* Release */ = {
			isa = XCBuildConfiguration;
			baseConfigurationReference = 429645D8925D2BE174CC2DA1 /* Pods.release.xcconfig */;
			buildSettings = {
				ASSETCATALOG_COMPILER_APPICON_NAME = AppIcon;
				ASSETCATALOG_COMPILER_LAUNCHIMAGE_NAME = LaunchImage;
				CODE_SIGN_IDENTITY = "iPhone Developer";
				"CODE_SIGN_IDENTITY[sdk=iphoneos*]" = "iPhone Developer";
				INFOPLIST_FILE = MapsTutorial/Info.plist;
				IPHONEOS_DEPLOYMENT_TARGET = 9.2;
				LD_RUNPATH_SEARCH_PATHS = "$(inherited) @executable_path/Frameworks";
				PRODUCT_BUNDLE_IDENTIFIER = "ghostapp-dev.MapsTutorial";
				PRODUCT_NAME = "$(TARGET_NAME)";
				PROVISIONING_PROFILE = "";
			};
			name = Release;
		};
		50C1365E1C541555000F93FA /* Debug */ = {
			isa = XCBuildConfiguration;
			buildSettings = {
				BUNDLE_LOADER = "$(TEST_HOST)";
				INFOPLIST_FILE = MapsTutorialTests/Info.plist;
				LD_RUNPATH_SEARCH_PATHS = "$(inherited) @executable_path/Frameworks @loader_path/Frameworks";
				PRODUCT_BUNDLE_IDENTIFIER = jan.learn.MapsTutorialTests;
				PRODUCT_NAME = "$(TARGET_NAME)";
				TEST_HOST = "$(BUILT_PRODUCTS_DIR)/MapsTutorial.app/MapsTutorial";
			};
			name = Debug;
		};
		50C1365F1C541555000F93FA /* Release */ = {
			isa = XCBuildConfiguration;
			buildSettings = {
				BUNDLE_LOADER = "$(TEST_HOST)";
				INFOPLIST_FILE = MapsTutorialTests/Info.plist;
				LD_RUNPATH_SEARCH_PATHS = "$(inherited) @executable_path/Frameworks @loader_path/Frameworks";
				PRODUCT_BUNDLE_IDENTIFIER = jan.learn.MapsTutorialTests;
				PRODUCT_NAME = "$(TARGET_NAME)";
				TEST_HOST = "$(BUILT_PRODUCTS_DIR)/MapsTutorial.app/MapsTutorial";
			};
			name = Release;
		};
/* End XCBuildConfiguration section */

/* Begin XCConfigurationList section */
		50C136381C541555000F93FA /* Build configuration list for PBXProject "MapsTutorial" */ = {
			isa = XCConfigurationList;
			buildConfigurations = (
				50C136581C541555000F93FA /* Debug */,
				50C136591C541555000F93FA /* Release */,
			);
			defaultConfigurationIsVisible = 0;
			defaultConfigurationName = Release;
		};
		50C1365A1C541555000F93FA /* Build configuration list for PBXNativeTarget "MapsTutorial" */ = {
			isa = XCConfigurationList;
			buildConfigurations = (
				50C1365B1C541555000F93FA /* Debug */,
				50C1365C1C541555000F93FA /* Release */,
			);
			defaultConfigurationIsVisible = 0;
			defaultConfigurationName = Release;
		};
		50C1365D1C541555000F93FA /* Build configuration list for PBXNativeTarget "MapsTutorialTests" */ = {
			isa = XCConfigurationList;
			buildConfigurations = (
				50C1365E1C541555000F93FA /* Debug */,
				50C1365F1C541555000F93FA /* Release */,
			);
			defaultConfigurationIsVisible = 0;
			defaultConfigurationName = Release;
		};
/* End XCConfigurationList section */
	};
	rootObject = 50C136351C541555000F93FA /* Project object */;
}
